<Solution>
  <Project Path="../TimeManager/TimeManager.csproj" />
  <Project Path="StudyManager.ApiService/StudyManager.ApiService.csproj" />
  <Project Path="StudyManager.AppHost/StudyManager.AppHost.csproj" />
  <Project Path="StudyManager.ServiceDefaults/StudyManager.ServiceDefaults.csproj" />
  <Project Path="StudyManager.Tests/StudyManager.Tests.csproj" />
  <Project Path="StudyManager.Web/StudyManager.Web.csproj" />
</Solution>
